{
  "nodes": {
    "adf": {
      "inputs": {
        "c": "c",
        "flake-utils": "flake-utils",
        "nixpkgs": "nixpkgs",
        "uphack": "uphack"
      },
      "locked": {
        "lastModified": 1774857134,
        "narHash": "sha256-KmyNxE6oNYitoIBYlYhbxnUtSxqQqdzZkMLiBNkCbdU=",
        "owner": "yaitskov",
        "repo": "add-dependent-file",
        "rev": "d49bb4f405237cf0f3d4bf1168b62aa73ffab5b2",
        "type": "github"
      },
      "original": {
        "owner": "yaitskov",
        "repo": "add-dependent-file",
        "type": "github"
      }
    },
    "c": {
      "flake": false,
      "locked": {
        "narHash": "sha256-ctKNhBNRVW3cGsH7b6X/GrBWuLjvyNxD8UYWSiMJO64=",
        "type": "file",
        "url": "https://lficom.me/ghc/%22ghc9122%22"
      },
      "original": {
        "type": "file",
        "url": "https://lficom.me/ghc/%22ghc9122%22"
      }
    },
    "c_2": {
      "flake": false,
      "locked": {
        "narHash": "sha256-Wl11amvrTxGqwuYH/uzgPXlPqlnoSRTh9oOeObZ1eUQ=",
        "type": "file",
        "url": "https://lficom.me/static/false/"
      },
      "original": {
        "type": "file",
        "url": "https://lficom.me/static/false/"
      }
    },
    "css-class-bindings": {
      "flake": false,
      "locked": {
        "lastModified": 1774857605,
        "narHash": "sha256-C2gtZq3O8ja0VPHbqfL/MhcVRbyUdjEjFPk/g/q/rAI=",
        "owner": "yaitskov",
        "repo": "css-class-bindings",
        "rev": "d36c0c8bfaf1b2cbce67730610c8bae19387595b",
        "type": "github"
      },
      "original": {
        "owner": "yaitskov",
        "repo": "css-class-bindings",
        "type": "github"
      }
    },
    "flake-compat": {
      "locked": {
        "lastModified": 1761640442,
        "narHash": "sha256-AtrEP6Jmdvrqiv4x2xa5mrtaIp3OEe8uBYCDZDS+hu8=",
        "owner": "nix-community",
        "repo": "flake-compat",
        "rev": "4a56054d8ffc173222d09dad23adf4ba946c8884",
        "type": "github"
      },
      "original": {
        "owner": "nix-community",
        "repo": "flake-compat",
        "type": "github"
      }
    },
    "flake-utils": {
      "inputs": {
        "systems": "systems"
      },
      "locked": {
        "lastModified": 1731533236,
        "narHash": "sha256-l0KFg5HjrsfsO/JpG+r7fRrqm12kzFHyUHqHCVpMMbI=",
        "owner": "numtide",
        "repo": "flake-utils",
        "rev": "11707dc2f618dd54ca8739b309ec4fc024de578b",
        "type": "github"
      },
      "original": {
        "owner": "numtide",
        "repo": "flake-utils",
        "type": "github"
      }
    },
    "flake-utils_2": {
      "inputs": {
        "systems": "systems_2"
      },
      "locked": {
        "lastModified": 1731533236,
        "narHash": "sha256-l0KFg5HjrsfsO/JpG+r7fRrqm12kzFHyUHqHCVpMMbI=",
        "owner": "numtide",
        "repo": "flake-utils",
        "rev": "11707dc2f618dd54ca8739b309ec4fc024de578b",
        "type": "github"
      },
      "original": {
        "owner": "numtide",
        "repo": "flake-utils",
        "type": "github"
      }
    },
    "flake-utils_3": {
      "inputs": {
        "systems": "systems_3"
      },
      "locked": {
        "lastModified": 1731533236,
        "narHash": "sha256-l0KFg5HjrsfsO/JpG+r7fRrqm12kzFHyUHqHCVpMMbI=",
        "owner": "numtide",
        "repo": "flake-utils",
        "rev": "11707dc2f618dd54ca8739b309ec4fc024de578b",
        "type": "github"
      },
      "original": {
        "owner": "numtide",
        "repo": "flake-utils",
        "type": "github"
      }
    },
    "flake-utils_4": {
      "inputs": {
        "systems": "systems_4"
      },
      "locked": {
        "lastModified": 1731533236,
        "narHash": "sha256-l0KFg5HjrsfsO/JpG+r7fRrqm12kzFHyUHqHCVpMMbI=",
        "owner": "numtide",
        "repo": "flake-utils",
        "rev": "11707dc2f618dd54ca8739b309ec4fc024de578b",
        "type": "github"
      },
      "original": {
        "owner": "numtide",
        "repo": "flake-utils",
        "type": "github"
      }
    },
    "ghc-wasm-meta": {
      "inputs": {
        "flake-utils": "flake-utils_3",
        "nixpkgs": "nixpkgs_2"
      },
      "locked": {
        "host": "gitlab.haskell.org",
        "lastModified": 1774266609,
        "narHash": "sha256-YC16qk8ItO89qjO2vdEdQM9mf6uErrZMSmVsm9lF8c4=",
        "owner": "haskell-wasm",
        "repo": "ghc-wasm-meta",
        "rev": "61a4baf7f43708c1d7efa79d6a9474227b72c8f1",
        "type": "gitlab"
      },
      "original": {
        "host": "gitlab.haskell.org",
        "owner": "haskell-wasm",
        "repo": "ghc-wasm-meta",
        "type": "gitlab"
      }
    },
    "ghc-wasm-meta_2": {
      "inputs": {
        "flake-utils": "flake-utils_4",
        "nixpkgs": [
          "nix-wasm",
          "nixpkgs"
        ]
      },
      "locked": {
        "lastModified": 1771125696,
        "narHash": "sha256-+90XoM7PUfgD7383ki/aHC0cLKS32XVnYgI672pegcY=",
        "owner": "haskell-wasm",
        "repo": "ghc-wasm-meta",
        "rev": "4e1f900e9933966634bc2e29dbeb81d09ce36727",
        "type": "github"
      },
      "original": {
        "owner": "haskell-wasm",
        "repo": "ghc-wasm-meta",
        "type": "github"
      }
    },
    "miso": {
      "flake": false,
      "locked": {
        "lastModified": 1775020114,
        "narHash": "sha256-h9nz+6lI6p4GFb+o8O4B8Q0BY2BskZXcZyQrVzuyM7I=",
        "owner": "dmjio",
        "repo": "miso",
        "rev": "04598c264e0f80dd56d3c85d0e090c0b7d822f2b",
        "type": "github"
      },
      "original": {
        "owner": "dmjio",
        "repo": "miso",
        "type": "github"
      }
    },
    "nix-wasm": {
      "inputs": {
        "flake-compat": "flake-compat",
        "ghc-wasm-meta": "ghc-wasm-meta_2",
        "nixpkgs": [
          "nixpkgs"
        ]
      },
      "locked": {
        "lastModified": 1771148770,
        "narHash": "sha256-U8HhfPXyMaJGjHJzSRyO0E/jRK8drLXLkzqYVls2XG8=",
        "owner": "ners",
        "repo": "nix-wasm",
        "rev": "4b51e1134adb47c3082367c1a315e170333c0d5b",
        "type": "github"
      },
      "original": {
        "owner": "ners",
        "repo": "nix-wasm",
        "type": "github"
      }
    },
    "nixpkgs": {
      "locked": {
        "lastModified": 1770195405,
        "narHash": "sha256-FTUS9GSw4KiOjAOmsarvRhTGEECUVd3NhBfzUytCuhE=",
        "owner": "NixOS",
        "repo": "nixpkgs",
        "rev": "bc16855ba53f3cb6851903a393e7073d1b5911e7",
        "type": "github"
      },
      "original": {
        "owner": "NixOS",
        "repo": "nixpkgs",
        "rev": "bc16855ba53f3cb6851903a393e7073d1b5911e7",
        "type": "github"
      }
    },
    "nixpkgs_2": {
      "locked": {
        "lastModified": 1774147579,
        "narHash": "sha256-jXGB7LILMHXV9pnkHM9oCuM1PdlX0fk1J+q3osa7IPo=",
        "owner": "NixOS",
        "repo": "nixpkgs",
        "rev": "39c9d28d7e7745fc5c5cf6a991578abf16938952",
        "type": "github"
      },
      "original": {
        "owner": "NixOS",
        "ref": "nixpkgs-25.11-darwin",
        "repo": "nixpkgs",
        "type": "github"
      }
    },
    "nixpkgs_3": {
      "locked": {
        "lastModified": 1770195405,
        "narHash": "sha256-FTUS9GSw4KiOjAOmsarvRhTGEECUVd3NhBfzUytCuhE=",
        "owner": "NixOS",
        "repo": "nixpkgs",
        "rev": "bc16855ba53f3cb6851903a393e7073d1b5911e7",
        "type": "github"
      },
      "original": {
        "owner": "NixOS",
        "repo": "nixpkgs",
        "rev": "bc16855ba53f3cb6851903a393e7073d1b5911e7",
        "type": "github"
      }
    },
    "root": {
      "inputs": {
        "adf": "adf",
        "c": "c_2",
        "css-class-bindings": "css-class-bindings",
        "flake-utils": "flake-utils_2",
        "ghc-wasm-meta": "ghc-wasm-meta",
        "miso": "miso",
        "nix-wasm": "nix-wasm",
        "nixpkgs": "nixpkgs_3",
        "smc": "smc",
        "uphack": "uphack_2"
      }
    },
    "smc": {
      "flake": false,
      "locked": {
        "lastModified": 1771307526,
        "narHash": "sha256-y1wZa4aI8b6uYHQk0312AAJTTFmEF28anElPUQrqls0=",
        "owner": "haskell-miso",
        "repo": "servant-miso-client",
        "rev": "d3448a2a2b6aee4155273a3d02b828b026796b8a",
        "type": "github"
      },
      "original": {
        "owner": "haskell-miso",
        "repo": "servant-miso-client",
        "type": "github"
      }
    },
    "systems": {
      "locked": {
        "lastModified": 1681028828,
        "narHash": "sha256-Vy1rq5AaRuLzOxct8nz4T6wlgyUR7zLU309k9mBC768=",
        "owner": "nix-systems",
        "repo": "default",
        "rev": "da67096a3b9bf56a91d16901293e51ba5b49a27e",
        "type": "github"
      },
      "original": {
        "owner": "nix-systems",
        "repo": "default",
        "type": "github"
      }
    },
    "systems_2": {
      "locked": {
        "lastModified": 1681028828,
        "narHash": "sha256-Vy1rq5AaRuLzOxct8nz4T6wlgyUR7zLU309k9mBC768=",
        "owner": "nix-systems",
        "repo": "default",
        "rev": "da67096a3b9bf56a91d16901293e51ba5b49a27e",
        "type": "github"
      },
      "original": {
        "owner": "nix-systems",
        "repo": "default",
        "type": "github"
      }
    },
    "systems_3": {
      "locked": {
        "lastModified": 1681028828,
        "narHash": "sha256-Vy1rq5AaRuLzOxct8nz4T6wlgyUR7zLU309k9mBC768=",
        "owner": "nix-systems",
        "repo": "default",
        "rev": "da67096a3b9bf56a91d16901293e51ba5b49a27e",
        "type": "github"
      },
      "original": {
        "owner": "nix-systems",
        "repo": "default",
        "type": "github"
      }
    },
    "systems_4": {
      "locked": {
        "lastModified": 1681028828,
        "narHash": "sha256-Vy1rq5AaRuLzOxct8nz4T6wlgyUR7zLU309k9mBC768=",
        "owner": "nix-systems",
        "repo": "default",
        "rev": "da67096a3b9bf56a91d16901293e51ba5b49a27e",
        "type": "github"
      },
      "original": {
        "owner": "nix-systems",
        "repo": "default",
        "type": "github"
      }
    },
    "uphack": {
      "flake": false,
      "locked": {
        "lastModified": 1757595711,
        "narHash": "sha256-9vOuWhJhPKnHBPZj/+6AJ7E0K2qezec7d8zW42n9j9o=",
        "owner": "yaitskov",
        "repo": "upload-doc-to-hackage",
        "rev": "29d4066f4f8a5a1a194d9b701f9b272dda85c3aa",
        "type": "github"
      },
      "original": {
        "owner": "yaitskov",
        "repo": "upload-doc-to-hackage",
        "type": "github"
      }
    },
    "uphack_2": {
      "flake": false,
      "locked": {
        "lastModified": 1757595711,
        "narHash": "sha256-9vOuWhJhPKnHBPZj/+6AJ7E0K2qezec7d8zW42n9j9o=",
        "owner": "yaitskov",
        "repo": "upload-doc-to-hackage",
        "rev": "29d4066f4f8a5a1a194d9b701f9b272dda85c3aa",
        "type": "github"
      },
      "original": {
        "owner": "yaitskov",
        "repo": "upload-doc-to-hackage",
        "type": "github"
      }
    }
  },
  "root": "root",
  "version": 7
}
